Microsoft Visual Studio Solution File, Format Version 12.00
# Visual Studio Version 17
VisualStudioVersion = 17.13.35605.110
MinimumVisualStudioVersion = 10.0.40219.1
Project("{FAE04EC0-301F-11D3-BF4B-00C04F79EFBC}") = "BasicLessons", "BasicLessons\BasicLessons.csproj", "{47526C3E-CC26-4770-A86D-EAADEDFEBAC2}"
EndProject
Project("{FAE04EC0-301F-11D3-BF4B-00C04F79EFBC}") = "Collections", "Collections\Collections.csproj", "{50963CD7-FF3F-4783-A1B3-E0FC2CBBB61C}"
EndProject
Project("{FAE04EC0-301F-11D3-BF4B-00C04F79EFBC}") = "Methods", "Methods\Methods.csproj", "{9949EBE7-B11F-4596-AE36-6D3531398487}"
EndProject
Project("{FAE04EC0-301F-11D3-BF4B-00C04F79EFBC}") = "ClassAndObject", "ClassAndObject\ClassAndObject.csproj", "{986CE3A8-01E8-4F57-9FE8-359F450CC278}"
EndProject
Project("{FAE04EC0-301F-11D3-BF4B-00C04F79EFBC}") = "Constructor", "Constructor\Constructor.csproj", "{D82F6D27-E5B9-42C5-A1C5-6B8161F57BDB}"
EndProject
Project("{FAE04EC0-301F-11D3-BF4B-00C04F79EFBC}") = "Inheretance", "Inheretance\Inheretance.csproj", "{E9C2C921-EC83-488D-9EF9-E92D52FB41EA}"
EndProject
Project("{FAE04EC0-301F-11D3-BF4B-00C04F79EFBC}") = "Incapsulation", "Incapsulation\Incapsulation.csproj", "{853B87E8-33D2-4038-A280-5763D45BB798}"
EndProject
Project("{FAE04EC0-301F-11D3-BF4B-00C04F79EFBC}") = "Amaliyot", "Amaliyot\Amaliyot.csproj", "{BA903CC7-86BD-46ED-B45E-8F1D8833B352}"
EndProject
Project("{FAE04EC0-301F-11D3-BF4B-00C04F79EFBC}") = "LibraryApp", "LibraryApp\LibraryApp.csproj", "{CD4A605B-E8DC-4D9E-93C1-AF71E02B3A8E}"
EndProject
Project("{FAE04EC0-301F-11D3-BF4B-00C04F79EFBC}") = "InterfaceAndAbstractClass", "InterfaceAndAbstractClass\InterfaceAndAbstractClass.csproj", "{1D070715-BB94-4466-9884-0F49322A3CB6}"
EndProject
Project("{FAE04EC0-301F-11D3-BF4B-00C04F79EFBC}") = "Polymorphism", "Polymorphism\Polymorphism.csproj", "{F6C88239-3EED-41AF-A6B2-C9BBC547EC6D}"
EndProject
Project("{FAE04EC0-301F-11D3-BF4B-00C04F79EFBC}") = "Abstraction", "Abstraction\Abstraction.csproj", "{B10C9435-A782-4A6F-A60F-1519861B386C}"
EndProject
Project("{FAE04EC0-301F-11D3-BF4B-00C04F79EFBC}") = "Enumeration", "Enumeration\Enumeration.csproj", "{F102423E-D04A-44E9-8902-70EFB57F38BA}"
EndProject
Global
	GlobalSection(SolutionConfigurationPlatforms) = preSolution
		Debug|Any CPU = Debug|Any CPU
		Release|Any CPU = Release|Any CPU
	EndGlobalSection
	GlobalSection(ProjectConfigurationPlatforms) = postSolution
		{47526C3E-CC26-4770-A86D-EAADEDFEBAC2}.Debug|Any CPU.ActiveCfg = Debug|Any CPU
		{47526C3E-CC26-4770-A86D-EAADEDFEBAC2}.Debug|Any CPU.Build.0 = Debug|Any CPU
		{47526C3E-CC26-4770-A86D-EAADEDFEBAC2}.Release|Any CPU.ActiveCfg = Release|Any CPU
		{47526C3E-CC26-4770-A86D-EAADEDFEBAC2}.Release|Any CPU.Build.0 = Release|Any CPU
		{50963CD7-FF3F-4783-A1B3-E0FC2CBBB61C}.Debug|Any CPU.ActiveCfg = Debug|Any CPU
		{50963CD7-FF3F-4783-A1B3-E0FC2CBBB61C}.Debug|Any CPU.Build.0 = Debug|Any CPU
		{50963CD7-FF3F-4783-A1B3-E0FC2CBBB61C}.Release|Any CPU.ActiveCfg = Release|Any CPU
		{50963CD7-FF3F-4783-A1B3-E0FC2CBBB61C}.Release|Any CPU.Build.0 = Release|Any CPU
		{9949EBE7-B11F-4596-AE36-6D3531398487}.Debug|Any CPU.ActiveCfg = Debug|Any CPU
		{9949EBE7-B11F-4596-AE36-6D3531398487}.Debug|Any CPU.Build.0 = Debug|Any CPU
		{9949EBE7-B11F-4596-AE36-6D3531398487}.Release|Any CPU.ActiveCfg = Release|Any CPU
		{9949EBE7-B11F-4596-AE36-6D3531398487}.Release|Any CPU.Build.0 = Release|Any CPU
		{986CE3A8-01E8-4F57-9FE8-359F450CC278}.Debug|Any CPU.ActiveCfg = Debug|Any CPU
		{986CE3A8-01E8-4F57-9FE8-359F450CC278}.Debug|Any CPU.Build.0 = Debug|Any CPU
		{986CE3A8-01E8-4F57-9FE8-359F450CC278}.Release|Any CPU.ActiveCfg = Release|Any CPU
		{986CE3A8-01E8-4F57-9FE8-359F450CC278}.Release|Any CPU.Build.0 = Release|Any CPU
		{D82F6D27-E5B9-42C5-A1C5-6B8161F57BDB}.Debug|Any CPU.ActiveCfg = Debug|Any CPU
		{D82F6D27-E5B9-42C5-A1C5-6B8161F57BDB}.Debug|Any CPU.Build.0 = Debug|Any CPU
		{D82F6D27-E5B9-42C5-A1C5-6B8161F57BDB}.Release|Any CPU.ActiveCfg = Release|Any CPU
		{D82F6D27-E5B9-42C5-A1C5-6B8161F57BDB}.Release|Any CPU.Build.0 = Release|Any CPU
		{E9C2C921-EC83-488D-9EF9-E92D52FB41EA}.Debug|Any CPU.ActiveCfg = Debug|Any CPU
		{E9C2C921-EC83-488D-9EF9-E92D52FB41EA}.Debug|Any CPU.Build.0 = Debug|Any CPU
		{E9C2C921-EC83-488D-9EF9-E92D52FB41EA}.Release|Any CPU.ActiveCfg = Release|Any CPU
		{E9C2C921-EC83-488D-9EF9-E92D52FB41EA}.Release|Any CPU.Build.0 = Release|Any CPU
		{853B87E8-33D2-4038-A280-5763D45BB798}.Debug|Any CPU.ActiveCfg = Debug|Any CPU
		{853B87E8-33D2-4038-A280-5763D45BB798}.Debug|Any CPU.Build.0 = Debug|Any CPU
		{853B87E8-33D2-4038-A280-5763D45BB798}.Release|Any CPU.ActiveCfg = Release|Any CPU
		{853B87E8-33D2-4038-A280-5763D45BB798}.Release|Any CPU.Build.0 = Release|Any CPU
		{BA903CC7-86BD-46ED-B45E-8F1D8833B352}.Debug|Any CPU.ActiveCfg = Debug|Any CPU
		{BA903CC7-86BD-46ED-B45E-8F1D8833B352}.Debug|Any CPU.Build.0 = Debug|Any CPU
		{BA903CC7-86BD-46ED-B45E-8F1D8833B352}.Release|Any CPU.ActiveCfg = Release|Any CPU
		{BA903CC7-86BD-46ED-B45E-8F1D8833B352}.Release|Any CPU.Build.0 = Release|Any CPU
		{CD4A605B-E8DC-4D9E-93C1-AF71E02B3A8E}.Debug|Any CPU.ActiveCfg = Debug|Any CPU
		{CD4A605B-E8DC-4D9E-93C1-AF71E02B3A8E}.Debug|Any CPU.Build.0 = Debug|Any CPU
		{CD4A605B-E8DC-4D9E-93C1-AF71E02B3A8E}.Release|Any CPU.ActiveCfg = Release|Any CPU
		{CD4A605B-E8DC-4D9E-93C1-AF71E02B3A8E}.Release|Any CPU.Build.0 = Release|Any CPU
		{1D070715-BB94-4466-9884-0F49322A3CB6}.Debug|Any CPU.ActiveCfg = Debug|Any CPU
		{1D070715-BB94-4466-9884-0F49322A3CB6}.Debug|Any CPU.Build.0 = Debug|Any CPU
		{1D070715-BB94-4466-9884-0F49322A3CB6}.Release|Any CPU.ActiveCfg = Release|Any CPU
		{1D070715-BB94-4466-9884-0F49322A3CB6}.Release|Any CPU.Build.0 = Release|Any CPU
		{F6C88239-3EED-41AF-A6B2-C9BBC547EC6D}.Debug|Any CPU.ActiveCfg = Debug|Any CPU
		{F6C88239-3EED-41AF-A6B2-C9BBC547EC6D}.Debug|Any CPU.Build.0 = Debug|Any CPU
		{F6C88239-3EED-41AF-A6B2-C9BBC547EC6D}.Release|Any CPU.ActiveCfg = Release|Any CPU
		{F6C88239-3EED-41AF-A6B2-C9BBC547EC6D}.Release|Any CPU.Build.0 = Release|Any CPU
		{B10C9435-A782-4A6F-A60F-1519861B386C}.Debug|Any CPU.ActiveCfg = Debug|Any CPU
		{B10C9435-A782-4A6F-A60F-1519861B386C}.Debug|Any CPU.Build.0 = Debug|Any CPU
		{B10C9435-A782-4A6F-A60F-1519861B386C}.Release|Any CPU.ActiveCfg = Release|Any CPU
		{B10C9435-A782-4A6F-A60F-1519861B386C}.Release|Any CPU.Build.0 = Release|Any CPU
		{F102423E-D04A-44E9-8902-70EFB57F38BA}.Debug|Any CPU.ActiveCfg = Debug|Any CPU
		{F102423E-D04A-44E9-8902-70EFB57F38BA}.Debug|Any CPU.Build.0 = Debug|Any CPU
		{F102423E-D04A-44E9-8902-70EFB57F38BA}.Release|Any CPU.ActiveCfg = Release|Any CPU
		{F102423E-D04A-44E9-8902-70EFB57F38BA}.Release|Any CPU.Build.0 = Release|Any CPU
	EndGlobalSection
	GlobalSection(SolutionProperties) = preSolution
		HideSolutionNode = FALSE
	EndGlobalSection
	GlobalSection(ExtensibilityGlobals) = postSolution
		SolutionGuid = {8F31605C-9EE4-465E-AFE0-8FFB9406A0FC}
	EndGlobalSection
EndGlobal
